
Microsoft Visual Studio Solution File, Format Version 12.00
# Visual Studio Version 16
VisualStudioVersion = 16.0.31702.278
MinimumVisualStudioVersion = 10.0.40219.1
Project("{FAE04EC0-301F-11D3-BF4B-00C04F79EFBC}") = "Simulacion U3", "Simulacion U3\Simulacion U3.csproj", "{A3B4DC92-AB1B-406D-986A-5BDDE711D798}"
EndProject
Global
	GlobalSection(SolutionConfigurationPlatforms) = preSolution
		Debug|Any CPU = Debug|Any CPU
		Release|Any CPU = Release|Any CPU
	EndGlobalSection
	GlobalSection(ProjectConfigurationPlatforms) = postSolution
		{A3B4DC92-AB1B-406D-986A-5BDDE711D798}.Debug|Any CPU.ActiveCfg = Debug|Any CPU
		{A3B4DC92-AB1B-406D-986A-5BDDE711D798}.Debug|Any CPU.Build.0 = Debug|Any CPU
		{A3B4DC92-AB1B-406D-986A-5BDDE711D798}.Release|Any CPU.ActiveCfg = Release|Any CPU
		{A3B4DC92-AB1B-406D-986A-5BDDE711D798}.Release|Any CPU.Build.0 = Release|Any CPU
	EndGlobalSection
	GlobalSection(SolutionProperties) = preSolution
		HideSolutionNode = FALSE
	EndGlobalSection
	GlobalSection(ExtensibilityGlobals) = postSolution
		SolutionGuid = {574A4F00-0F34-419B-BA4A-D8B8B701CDDD}
	EndGlobalSection
EndGlobal
